
Microsoft Visual Studio Solution File, Format Version 12.00
# Visual Studio Version 16
VisualStudioVersion = 16.0.30406.217
MinimumVisualStudioVersion = 10.0.40219.1
Project("{FAE04EC0-301F-11D3-BF4B-00C04F79EFBC}") = "PhoneBook", "PhoneBook.csproj", "{50C37360-7095-4942-B8C3-6FAE03F35CC5}"
EndProject
Global
	GlobalSection(SolutionConfigurationPlatforms) = preSolution
		Debug|Any CPU = Debug|Any CPU
		Release|Any CPU = Release|Any CPU
	EndGlobalSection
	GlobalSection(ProjectConfigurationPlatforms) = postSolution
		{50C37360-7095-4942-B8C3-6FAE03F35CC5}.Debug|Any CPU.ActiveCfg = Debug|Any CPU
		{50C37360-7095-4942-B8C3-6FAE03F35CC5}.Debug|Any CPU.Build.0 = Debug|Any CPU
		{50C37360-7095-4942-B8C3-6FAE03F35CC5}.Release|Any CPU.ActiveCfg = Release|Any CPU
		{50C37360-7095-4942-B8C3-6FAE03F35CC5}.Release|Any CPU.Build.0 = Release|Any CPU
	EndGlobalSection
	GlobalSection(SolutionProperties) = preSolution
		HideSolutionNode = FALSE
	EndGlobalSection
	GlobalSection(ExtensibilityGlobals) = postSolution
		SolutionGuid = {32CD55C9-5826-4E7F-A574-C7244F56B055}
	EndGlobalSection
EndGlobal
